
Microsoft Visual Studio Solution File, Format Version 12.00
# Visual Studio 15
VisualStudioVersion = 15.0.27428.2015
MinimumVisualStudioVersion = 10.0.40219.1
Project("{9A19103F-16F7-4668-BE54-9A1E7A4F7556}") = "bzm", "bzm\bzm.csproj", "{FA772F59-C864-41C8-9840-3EAE74A947B6}"
EndProject
Project("{FAE04EC0-301F-11D3-BF4B-00C04F79EFBC}") = "draww", "draww\draww.csproj", "{F25BE045-FBED-4654-B5CF-71B9970DD6D3}"
EndProject
Project("{FAE04EC0-301F-11D3-BF4B-00C04F79EFBC}") = "bang", "Debug\bang.csproj", "{FB68D2DB-CB24-42B9-8102-745DB39A180C}"
EndProject
Project("{FAE04EC0-301F-11D3-BF4B-00C04F79EFBC}") = "bangbang", "bangbang\bangbang.csproj", "{40541848-0720-46E5-9AE1-650E392F13DD}"
EndProject
Project("{2150E333-8FDC-42A3-9474-1A3956D46DE8}") = "asp", "asp", "{58B4A220-1CFC-4EEB-94B5-81D23468FB64}"
EndProject
Project("{9A19103F-16F7-4668-BE54-9A1E7A4F7556}") = "BLL", "BLL\BLL.csproj", "{FF5818B2-B191-40D3-AE8F-08A2CA8E2A4F}"
EndProject
Project("{9A19103F-16F7-4668-BE54-9A1E7A4F7556}") = "DAL", "DAL\DAL.csproj", "{C73BFB73-7FAC-4889-8921-7916BEB5E6A1}"
EndProject
Project("{9A19103F-16F7-4668-BE54-9A1E7A4F7556}") = "ASPNETRazor", "ASPNETRazor\ASPNETRazor.csproj", "{0A75668D-C6E0-4DC6-870C-0BA81B26AC87}"
EndProject
Project("{9A19103F-16F7-4668-BE54-9A1E7A4F7556}") = "Service", "Service\Service.csproj", "{C3383717-7DA5-4D2F-80AE-D2988AAC326B}"
EndProject
Global
	GlobalSection(SolutionConfigurationPlatforms) = preSolution
		Debug|Any CPU = Debug|Any CPU
		Release|Any CPU = Release|Any CPU
	EndGlobalSection
	GlobalSection(ProjectConfigurationPlatforms) = postSolution
		{FA772F59-C864-41C8-9840-3EAE74A947B6}.Debug|Any CPU.ActiveCfg = Debug|Any CPU
		{FA772F59-C864-41C8-9840-3EAE74A947B6}.Debug|Any CPU.Build.0 = Debug|Any CPU
		{FA772F59-C864-41C8-9840-3EAE74A947B6}.Release|Any CPU.ActiveCfg = Release|Any CPU
		{FA772F59-C864-41C8-9840-3EAE74A947B6}.Release|Any CPU.Build.0 = Release|Any CPU
		{F25BE045-FBED-4654-B5CF-71B9970DD6D3}.Debug|Any CPU.ActiveCfg = Debug|Any CPU
		{F25BE045-FBED-4654-B5CF-71B9970DD6D3}.Debug|Any CPU.Build.0 = Debug|Any CPU
		{F25BE045-FBED-4654-B5CF-71B9970DD6D3}.Release|Any CPU.ActiveCfg = Release|Any CPU
		{F25BE045-FBED-4654-B5CF-71B9970DD6D3}.Release|Any CPU.Build.0 = Release|Any CPU
		{FB68D2DB-CB24-42B9-8102-745DB39A180C}.Debug|Any CPU.ActiveCfg = Debug|Any CPU
		{FB68D2DB-CB24-42B9-8102-745DB39A180C}.Debug|Any CPU.Build.0 = Debug|Any CPU
		{FB68D2DB-CB24-42B9-8102-745DB39A180C}.Release|Any CPU.ActiveCfg = Release|Any CPU
		{FB68D2DB-CB24-42B9-8102-745DB39A180C}.Release|Any CPU.Build.0 = Release|Any CPU
		{40541848-0720-46E5-9AE1-650E392F13DD}.Debug|Any CPU.ActiveCfg = Debug|Any CPU
		{40541848-0720-46E5-9AE1-650E392F13DD}.Debug|Any CPU.Build.0 = Debug|Any CPU
		{40541848-0720-46E5-9AE1-650E392F13DD}.Release|Any CPU.ActiveCfg = Release|Any CPU
		{40541848-0720-46E5-9AE1-650E392F13DD}.Release|Any CPU.Build.0 = Release|Any CPU
		{FF5818B2-B191-40D3-AE8F-08A2CA8E2A4F}.Debug|Any CPU.ActiveCfg = Debug|Any CPU
		{FF5818B2-B191-40D3-AE8F-08A2CA8E2A4F}.Debug|Any CPU.Build.0 = Debug|Any CPU
		{FF5818B2-B191-40D3-AE8F-08A2CA8E2A4F}.Release|Any CPU.ActiveCfg = Release|Any CPU
		{FF5818B2-B191-40D3-AE8F-08A2CA8E2A4F}.Release|Any CPU.Build.0 = Release|Any CPU
		{C73BFB73-7FAC-4889-8921-7916BEB5E6A1}.Debug|Any CPU.ActiveCfg = Debug|Any CPU
		{C73BFB73-7FAC-4889-8921-7916BEB5E6A1}.Debug|Any CPU.Build.0 = Debug|Any CPU
		{C73BFB73-7FAC-4889-8921-7916BEB5E6A1}.Release|Any CPU.ActiveCfg = Release|Any CPU
		{C73BFB73-7FAC-4889-8921-7916BEB5E6A1}.Release|Any CPU.Build.0 = Release|Any CPU
		{0A75668D-C6E0-4DC6-870C-0BA81B26AC87}.Debug|Any CPU.ActiveCfg = Debug|Any CPU
		{0A75668D-C6E0-4DC6-870C-0BA81B26AC87}.Debug|Any CPU.Build.0 = Debug|Any CPU
		{0A75668D-C6E0-4DC6-870C-0BA81B26AC87}.Release|Any CPU.ActiveCfg = Release|Any CPU
		{0A75668D-C6E0-4DC6-870C-0BA81B26AC87}.Release|Any CPU.Build.0 = Release|Any CPU
		{C3383717-7DA5-4D2F-80AE-D2988AAC326B}.Debug|Any CPU.ActiveCfg = Debug|Any CPU
		{C3383717-7DA5-4D2F-80AE-D2988AAC326B}.Debug|Any CPU.Build.0 = Debug|Any CPU
		{C3383717-7DA5-4D2F-80AE-D2988AAC326B}.Release|Any CPU.ActiveCfg = Release|Any CPU
		{C3383717-7DA5-4D2F-80AE-D2988AAC326B}.Release|Any CPU.Build.0 = Release|Any CPU
	EndGlobalSection
	GlobalSection(SolutionProperties) = preSolution
		HideSolutionNode = FALSE
	EndGlobalSection
	GlobalSection(NestedProjects) = preSolution
		{FF5818B2-B191-40D3-AE8F-08A2CA8E2A4F} = {58B4A220-1CFC-4EEB-94B5-81D23468FB64}
		{C73BFB73-7FAC-4889-8921-7916BEB5E6A1} = {58B4A220-1CFC-4EEB-94B5-81D23468FB64}
		{0A75668D-C6E0-4DC6-870C-0BA81B26AC87} = {58B4A220-1CFC-4EEB-94B5-81D23468FB64}
		{C3383717-7DA5-4D2F-80AE-D2988AAC326B} = {58B4A220-1CFC-4EEB-94B5-81D23468FB64}
	EndGlobalSection
	GlobalSection(ExtensibilityGlobals) = postSolution
		SolutionGuid = {71BF5197-C28D-4C5E-A0DC-DE3668174929}
	EndGlobalSection
EndGlobal
