
Microsoft Visual Studio Solution File, Format Version 12.00
# Visual Studio 15
VisualStudioVersion = 15.0.27428.2015
MinimumVisualStudioVersion = 10.0.40219.1
Project("{9A19103F-16F7-4668-BE54-9A1E7A4F7556}") = "bzm", "bzm\bzm.csproj", "{FA772F59-C864-41C8-9840-3EAE74A947B6}"
EndProject
Project("{9A19103F-16F7-4668-BE54-9A1E7A4F7556}") = "InterFacEp", "InterFacEp\InterFacEp.csproj", "{66A99F83-53F5-466D-A550-D3802C37D64C}"
EndProject
Project("{9A19103F-16F7-4668-BE54-9A1E7A4F7556}") = "Problemm", "F:\新建文件夹\视频录制\控制器\Problemm\Problemm.csproj", "{F235CD98-D453-404C-A8C6-589394AABD56}"
EndProject
Project("{FAE04EC0-301F-11D3-BF4B-00C04F79EFBC}") = "Sett", "F:\新建文件夹\视频录制\控制器\Sett\Sett.csproj", "{C00263D1-A4FB-4231-B444-C06D7CB4CF2D}"
EndProject
Global
	GlobalSection(SolutionConfigurationPlatforms) = preSolution
		Debug|Any CPU = Debug|Any CPU
		Release|Any CPU = Release|Any CPU
	EndGlobalSection
	GlobalSection(ProjectConfigurationPlatforms) = postSolution
		{FA772F59-C864-41C8-9840-3EAE74A947B6}.Debug|Any CPU.ActiveCfg = Debug|Any CPU
		{FA772F59-C864-41C8-9840-3EAE74A947B6}.Debug|Any CPU.Build.0 = Debug|Any CPU
		{FA772F59-C864-41C8-9840-3EAE74A947B6}.Release|Any CPU.ActiveCfg = Release|Any CPU
		{FA772F59-C864-41C8-9840-3EAE74A947B6}.Release|Any CPU.Build.0 = Release|Any CPU
		{66A99F83-53F5-466D-A550-D3802C37D64C}.Debug|Any CPU.ActiveCfg = Debug|Any CPU
		{66A99F83-53F5-466D-A550-D3802C37D64C}.Debug|Any CPU.Build.0 = Debug|Any CPU
		{66A99F83-53F5-466D-A550-D3802C37D64C}.Release|Any CPU.ActiveCfg = Release|Any CPU
		{66A99F83-53F5-466D-A550-D3802C37D64C}.Release|Any CPU.Build.0 = Release|Any CPU
		{F235CD98-D453-404C-A8C6-589394AABD56}.Debug|Any CPU.ActiveCfg = Debug|Any CPU
		{F235CD98-D453-404C-A8C6-589394AABD56}.Debug|Any CPU.Build.0 = Debug|Any CPU
		{F235CD98-D453-404C-A8C6-589394AABD56}.Release|Any CPU.ActiveCfg = Release|Any CPU
		{F235CD98-D453-404C-A8C6-589394AABD56}.Release|Any CPU.Build.0 = Release|Any CPU
		{C00263D1-A4FB-4231-B444-C06D7CB4CF2D}.Debug|Any CPU.ActiveCfg = Debug|Any CPU
		{C00263D1-A4FB-4231-B444-C06D7CB4CF2D}.Debug|Any CPU.Build.0 = Debug|Any CPU
		{C00263D1-A4FB-4231-B444-C06D7CB4CF2D}.Release|Any CPU.ActiveCfg = Release|Any CPU
		{C00263D1-A4FB-4231-B444-C06D7CB4CF2D}.Release|Any CPU.Build.0 = Release|Any CPU
	EndGlobalSection
	GlobalSection(SolutionProperties) = preSolution
		HideSolutionNode = FALSE
	EndGlobalSection
	GlobalSection(ExtensibilityGlobals) = postSolution
		SolutionGuid = {71BF5197-C28D-4C5E-A0DC-DE3668174929}
	EndGlobalSection
EndGlobal
